
Microsoft Visual Studio Solution File, Format Version 12.00
# Visual Studio 15
VisualStudioVersion = 15.0.27130.2027
MinimumVisualStudioVersion = 10.0.40219.1
Project("{FAE04EC0-301F-11D3-BF4B-00C04F79EFBC}") = "Fukizi.MChat.Android", "Fukizi.MChat\Fukizi.MChat.Android\Fukizi.MChat.Android.csproj", "{4D1B656F-1298-4E63-8C54-1509287307B3}"
EndProject
Project("{FAE04EC0-301F-11D3-BF4B-00C04F79EFBC}") = "Fukizi.MChat.iOS", "Fukizi.MChat\Fukizi.MChat.iOS\Fukizi.MChat.iOS.csproj", "{91897E5B-7C2A-494A-BE22-F0E57E2BCA06}"
EndProject
Project("{FAE04EC0-301F-11D3-BF4B-00C04F79EFBC}") = "Fukizi.MChat.UWP", "Fukizi.MChat\Fukizi.MChat.UWP\Fukizi.MChat.UWP.csproj", "{DF7FE7B3-F9DD-4CF7-AF00-A50A02B5AD10}"
EndProject
Project("{D954291E-2A0B-460D-934E-DC6B0785DB48}") = "Fukizi.MChat", "Fukizi.MChat\Fukizi.MChat\Fukizi.MChat.shproj", "{74D9206F-2048-4371-8C23-23D0F204D77E}"
EndProject
Global
	GlobalSection(SharedMSBuildProjectFiles) = preSolution
		Fukizi.MChat\Fukizi.MChat\Fukizi.MChat.projitems*{4d1b656f-1298-4e63-8c54-1509287307b3}*SharedItemsImports = 4
		Fukizi.MChat\Fukizi.MChat\Fukizi.MChat.projitems*{74d9206f-2048-4371-8c23-23d0f204d77e}*SharedItemsImports = 13
		Fukizi.MChat\Fukizi.MChat\Fukizi.MChat.projitems*{91897e5b-7c2a-494a-be22-f0e57e2bca06}*SharedItemsImports = 4
		Fukizi.MChat\Fukizi.MChat\Fukizi.MChat.projitems*{df7fe7b3-f9dd-4cf7-af00-a50a02b5ad10}*SharedItemsImports = 4
	EndGlobalSection
	GlobalSection(SolutionConfigurationPlatforms) = preSolution
		Ad-Hoc|Any CPU = Ad-Hoc|Any CPU
		Ad-Hoc|ARM = Ad-Hoc|ARM
		Ad-Hoc|iPhone = Ad-Hoc|iPhone
		Ad-Hoc|iPhoneSimulator = Ad-Hoc|iPhoneSimulator
		Ad-Hoc|x64 = Ad-Hoc|x64
		Ad-Hoc|x86 = Ad-Hoc|x86
		AppStore|Any CPU = AppStore|Any CPU
		AppStore|ARM = AppStore|ARM
		AppStore|iPhone = AppStore|iPhone
		AppStore|iPhoneSimulator = AppStore|iPhoneSimulator
		AppStore|x64 = AppStore|x64
		AppStore|x86 = AppStore|x86
		Debug|Any CPU = Debug|Any CPU
		Debug|ARM = Debug|ARM
		Debug|iPhone = Debug|iPhone
		Debug|iPhoneSimulator = Debug|iPhoneSimulator
		Debug|x64 = Debug|x64
		Debug|x86 = Debug|x86
		Release|Any CPU = Release|Any CPU
		Release|ARM = Release|ARM
		Release|iPhone = Release|iPhone
		Release|iPhoneSimulator = Release|iPhoneSimulator
		Release|x64 = Release|x64
		Release|x86 = Release|x86
	EndGlobalSection
	GlobalSection(ProjectConfigurationPlatforms) = postSolution
		{4D1B656F-1298-4E63-8C54-1509287307B3}.Ad-Hoc|Any CPU.ActiveCfg = Release|Any CPU
		{4D1B656F-1298-4E63-8C54-1509287307B3}.Ad-Hoc|Any CPU.Build.0 = Release|Any CPU
		{4D1B656F-1298-4E63-8C54-1509287307B3}.Ad-Hoc|Any CPU.Deploy.0 = Release|Any CPU
		{4D1B656F-1298-4E63-8C54-1509287307B3}.Ad-Hoc|ARM.ActiveCfg = Release|Any CPU
		{4D1B656F-1298-4E63-8C54-1509287307B3}.Ad-Hoc|ARM.Build.0 = Release|Any CPU
		{4D1B656F-1298-4E63-8C54-1509287307B3}.Ad-Hoc|ARM.Deploy.0 = Release|Any CPU
		{4D1B656F-1298-4E63-8C54-1509287307B3}.Ad-Hoc|iPhone.ActiveCfg = Release|Any CPU
		{4D1B656F-1298-4E63-8C54-1509287307B3}.Ad-Hoc|iPhone.Build.0 = Release|Any CPU
		{4D1B656F-1298-4E63-8C54-1509287307B3}.Ad-Hoc|iPhone.Deploy.0 = Release|Any CPU
		{4D1B656F-1298-4E63-8C54-1509287307B3}.Ad-Hoc|iPhoneSimulator.ActiveCfg = Release|Any CPU
		{4D1B656F-1298-4E63-8C54-1509287307B3}.Ad-Hoc|iPhoneSimulator.Build.0 = Release|Any CPU
		{4D1B656F-1298-4E63-8C54-1509287307B3}.Ad-Hoc|iPhoneSimulator.Deploy.0 = Release|Any CPU
		{4D1B656F-1298-4E63-8C54-1509287307B3}.Ad-Hoc|x64.ActiveCfg = Release|Any CPU
		{4D1B656F-1298-4E63-8C54-1509287307B3}.Ad-Hoc|x64.Build.0 = Release|Any CPU
		{4D1B656F-1298-4E63-8C54-1509287307B3}.Ad-Hoc|x64.Deploy.0 = Release|Any CPU
		{4D1B656F-1298-4E63-8C54-1509287307B3}.Ad-Hoc|x86.ActiveCfg = Release|Any CPU
		{4D1B656F-1298-4E63-8C54-1509287307B3}.Ad-Hoc|x86.Build.0 = Release|Any CPU
		{4D1B656F-1298-4E63-8C54-1509287307B3}.Ad-Hoc|x86.Deploy.0 = Release|Any CPU
		{4D1B656F-1298-4E63-8C54-1509287307B3}.AppStore|Any CPU.ActiveCfg = Release|Any CPU
		{4D1B656F-1298-4E63-8C54-1509287307B3}.AppStore|Any CPU.Build.0 = Release|Any CPU
		{4D1B656F-1298-4E63-8C54-1509287307B3}.AppStore|Any CPU.Deploy.0 = Release|Any CPU
		{4D1B656F-1298-4E63-8C54-1509287307B3}.AppStore|ARM.ActiveCfg = Release|Any CPU
		{4D1B656F-1298-4E63-8C54-1509287307B3}.AppStore|ARM.Build.0 = Release|Any CPU
		{4D1B656F-1298-4E63-8C54-1509287307B3}.AppStore|ARM.Deploy.0 = Release|Any CPU
		{4D1B656F-1298-4E63-8C54-1509287307B3}.AppStore|iPhone.ActiveCfg = Release|Any CPU
		{4D1B656F-1298-4E63-8C54-1509287307B3}.AppStore|iPhone.Build.0 = Release|Any CPU
		{4D1B656F-1298-4E63-8C54-1509287307B3}.AppStore|iPhone.Deploy.0 = Release|Any CPU
		{4D1B656F-1298-4E63-8C54-1509287307B3}.AppStore|iPhoneSimulator.ActiveCfg = Release|Any CPU
		{4D1B656F-1298-4E63-8C54-1509287307B3}.AppStore|iPhoneSimulator.Build.0 = Release|Any CPU
		{4D1B656F-1298-4E63-8C54-1509287307B3}.AppStore|iPhoneSimulator.Deploy.0 = Release|Any CPU
		{4D1B656F-1298-4E63-8C54-1509287307B3}.AppStore|x64.ActiveCfg = Release|Any CPU
		{4D1B656F-1298-4E63-8C54-1509287307B3}.AppStore|x64.Build.0 = Release|Any CPU
		{4D1B656F-1298-4E63-8C54-1509287307B3}.AppStore|x64.Deploy.0 = Release|Any CPU
		{4D1B656F-1298-4E63-8C54-1509287307B3}.AppStore|x86.ActiveCfg = Release|Any CPU
		{4D1B656F-1298-4E63-8C54-1509287307B3}.AppStore|x86.Build.0 = Release|Any CPU
		{4D1B656F-1298-4E63-8C54-1509287307B3}.AppStore|x86.Deploy.0 = Release|Any CPU
		{4D1B656F-1298-4E63-8C54-1509287307B3}.Debug|Any CPU.ActiveCfg = Debug|Any CPU
		{4D1B656F-1298-4E63-8C54-1509287307B3}.Debug|Any CPU.Build.0 = Debug|Any CPU
		{4D1B656F-1298-4E63-8C54-1509287307B3}.Debug|Any CPU.Deploy.0 = Debug|Any CPU
		{4D1B656F-1298-4E63-8C54-1509287307B3}.Debug|ARM.ActiveCfg = Debug|Any CPU
		{4D1B656F-1298-4E63-8C54-1509287307B3}.Debug|ARM.Build.0 = Debug|Any CPU
		{4D1B656F-1298-4E63-8C54-1509287307B3}.Debug|ARM.Deploy.0 = Debug|Any CPU
		{4D1B656F-1298-4E63-8C54-1509287307B3}.Debug|iPhone.ActiveCfg = Debug|Any CPU
		{4D1B656F-1298-4E63-8C54-1509287307B3}.Debug|iPhone.Build.0 = Debug|Any CPU
		{4D1B656F-1298-4E63-8C54-1509287307B3}.Debug|iPhone.Deploy.0 = Debug|Any CPU
		{4D1B656F-1298-4E63-8C54-1509287307B3}.Debug|iPhoneSimulator.ActiveCfg = Debug|Any CPU
		{4D1B656F-1298-4E63-8C54-1509287307B3}.Debug|iPhoneSimulator.Build.0 = Debug|Any CPU
		{4D1B656F-1298-4E63-8C54-1509287307B3}.Debug|iPhoneSimulator.Deploy.0 = Debug|Any CPU
		{4D1B656F-1298-4E63-8C54-1509287307B3}.Debug|x64.ActiveCfg = Debug|Any CPU
		{4D1B656F-1298-4E63-8C54-1509287307B3}.Debug|x64.Build.0 = Debug|Any CPU
		{4D1B656F-1298-4E63-8C54-1509287307B3}.Debug|x64.Deploy.0 = Debug|Any CPU
		{4D1B656F-1298-4E63-8C54-1509287307B3}.Debug|x86.ActiveCfg = Debug|Any CPU
		{4D1B656F-1298-4E63-8C54-1509287307B3}.Debug|x86.Build.0 = Debug|Any CPU
		{4D1B656F-1298-4E63-8C54-1509287307B3}.Debug|x86.Deploy.0 = Debug|Any CPU
		{4D1B656F-1298-4E63-8C54-1509287307B3}.Release|Any CPU.ActiveCfg = Release|Any CPU
		{4D1B656F-1298-4E63-8C54-1509287307B3}.Release|Any CPU.Build.0 = Release|Any CPU
		{4D1B656F-1298-4E63-8C54-1509287307B3}.Release|Any CPU.Deploy.0 = Release|Any CPU
		{4D1B656F-1298-4E63-8C54-1509287307B3}.Release|ARM.ActiveCfg = Release|Any CPU
		{4D1B656F-1298-4E63-8C54-1509287307B3}.Release|ARM.Build.0 = Release|Any CPU
		{4D1B656F-1298-4E63-8C54-1509287307B3}.Release|ARM.Deploy.0 = Release|Any CPU
		{4D1B656F-1298-4E63-8C54-1509287307B3}.Release|iPhone.ActiveCfg = Release|Any CPU
		{4D1B656F-1298-4E63-8C54-1509287307B3}.Release|iPhone.Build.0 = Release|Any CPU
		{4D1B656F-1298-4E63-8C54-1509287307B3}.Release|iPhone.Deploy.0 = Release|Any CPU
		{4D1B656F-1298-4E63-8C54-1509287307B3}.Release|iPhoneSimulator.ActiveCfg = Release|Any CPU
		{4D1B656F-1298-4E63-8C54-1509287307B3}.Release|iPhoneSimulator.Build.0 = Release|Any CPU
		{4D1B656F-1298-4E63-8C54-1509287307B3}.Release|iPhoneSimulator.Deploy.0 = Release|Any CPU
		{4D1B656F-1298-4E63-8C54-1509287307B3}.Release|x64.ActiveCfg = Release|Any CPU
		{4D1B656F-1298-4E63-8C54-1509287307B3}.Release|x64.Build.0 = Release|Any CPU
		{4D1B656F-1298-4E63-8C54-1509287307B3}.Release|x64.Deploy.0 = Release|Any CPU
		{4D1B656F-1298-4E63-8C54-1509287307B3}.Release|x86.ActiveCfg = Release|Any CPU
		{4D1B656F-1298-4E63-8C54-1509287307B3}.Release|x86.Build.0 = Release|Any CPU
		{4D1B656F-1298-4E63-8C54-1509287307B3}.Release|x86.Deploy.0 = Release|Any CPU
		{91897E5B-7C2A-494A-BE22-F0E57E2BCA06}.Ad-Hoc|Any CPU.ActiveCfg = Ad-Hoc|iPhone
		{91897E5B-7C2A-494A-BE22-F0E57E2BCA06}.Ad-Hoc|ARM.ActiveCfg = Ad-Hoc|iPhone
		{91897E5B-7C2A-494A-BE22-F0E57E2BCA06}.Ad-Hoc|iPhone.ActiveCfg = Ad-Hoc|iPhone
		{91897E5B-7C2A-494A-BE22-F0E57E2BCA06}.Ad-Hoc|iPhone.Build.0 = Ad-Hoc|iPhone
		{91897E5B-7C2A-494A-BE22-F0E57E2BCA06}.Ad-Hoc|iPhoneSimulator.ActiveCfg = Ad-Hoc|iPhoneSimulator
		{91897E5B-7C2A-494A-BE22-F0E57E2BCA06}.Ad-Hoc|iPhoneSimulator.Build.0 = Ad-Hoc|iPhoneSimulator
		{91897E5B-7C2A-494A-BE22-F0E57E2BCA06}.Ad-Hoc|x64.ActiveCfg = Ad-Hoc|iPhone
		{91897E5B-7C2A-494A-BE22-F0E57E2BCA06}.Ad-Hoc|x86.ActiveCfg = Ad-Hoc|iPhone
		{91897E5B-7C2A-494A-BE22-F0E57E2BCA06}.AppStore|Any CPU.ActiveCfg = AppStore|iPhone
		{91897E5B-7C2A-494A-BE22-F0E57E2BCA06}.AppStore|ARM.ActiveCfg = AppStore|iPhone
		{91897E5B-7C2A-494A-BE22-F0E57E2BCA06}.AppStore|iPhone.ActiveCfg = AppStore|iPhone
		{91897E5B-7C2A-494A-BE22-F0E57E2BCA06}.AppStore|iPhone.Build.0 = AppStore|iPhone
		{91897E5B-7C2A-494A-BE22-F0E57E2BCA06}.AppStore|iPhoneSimulator.ActiveCfg = AppStore|iPhoneSimulator
		{91897E5B-7C2A-494A-BE22-F0E57E2BCA06}.AppStore|iPhoneSimulator.Build.0 = AppStore|iPhoneSimulator
		{91897E5B-7C2A-494A-BE22-F0E57E2BCA06}.AppStore|x64.ActiveCfg = AppStore|iPhone
		{91897E5B-7C2A-494A-BE22-F0E57E2BCA06}.AppStore|x86.ActiveCfg = AppStore|iPhone
		{91897E5B-7C2A-494A-BE22-F0E57E2BCA06}.Debug|Any CPU.ActiveCfg = Debug|iPhone
		{91897E5B-7C2A-494A-BE22-F0E57E2BCA06}.Debug|ARM.ActiveCfg = Debug|iPhone
		{91897E5B-7C2A-494A-BE22-F0E57E2BCA06}.Debug|iPhone.ActiveCfg = Debug|iPhone
		{91897E5B-7C2A-494A-BE22-F0E57E2BCA06}.Debug|iPhone.Build.0 = Debug|iPhone
		{91897E5B-7C2A-494A-BE22-F0E57E2BCA06}.Debug|iPhoneSimulator.ActiveCfg = Debug|iPhoneSimulator
		{91897E5B-7C2A-494A-BE22-F0E57E2BCA06}.Debug|iPhoneSimulator.Build.0 = Debug|iPhoneSimulator
		{91897E5B-7C2A-494A-BE22-F0E57E2BCA06}.Debug|x64.ActiveCfg = Debug|iPhone
		{91897E5B-7C2A-494A-BE22-F0E57E2BCA06}.Debug|x86.ActiveCfg = Debug|iPhone
		{91897E5B-7C2A-494A-BE22-F0E57E2BCA06}.Release|Any CPU.ActiveCfg = Release|iPhone
		{91897E5B-7C2A-494A-BE22-F0E57E2BCA06}.Release|ARM.ActiveCfg = Release|iPhone
		{91897E5B-7C2A-494A-BE22-F0E57E2BCA06}.Release|iPhone.ActiveCfg = Release|iPhone
		{91897E5B-7C2A-494A-BE22-F0E57E2BCA06}.Release|iPhone.Build.0 = Release|iPhone
		{91897E5B-7C2A-494A-BE22-F0E57E2BCA06}.Release|iPhoneSimulator.ActiveCfg = Release|iPhoneSimulator
		{91897E5B-7C2A-494A-BE22-F0E57E2BCA06}.Release|iPhoneSimulator.Build.0 = Release|iPhoneSimulator
		{91897E5B-7C2A-494A-BE22-F0E57E2BCA06}.Release|x64.ActiveCfg = Release|iPhone
		{91897E5B-7C2A-494A-BE22-F0E57E2BCA06}.Release|x86.ActiveCfg = Release|iPhone
		{DF7FE7B3-F9DD-4CF7-AF00-A50A02B5AD10}.Ad-Hoc|Any CPU.ActiveCfg = Release|x86
		{DF7FE7B3-F9DD-4CF7-AF00-A50A02B5AD10}.Ad-Hoc|Any CPU.Build.0 = Release|x86
		{DF7FE7B3-F9DD-4CF7-AF00-A50A02B5AD10}.Ad-Hoc|Any CPU.Deploy.0 = Release|x86
		{DF7FE7B3-F9DD-4CF7-AF00-A50A02B5AD10}.Ad-Hoc|ARM.ActiveCfg = Release|ARM
		{DF7FE7B3-F9DD-4CF7-AF00-A50A02B5AD10}.Ad-Hoc|ARM.Build.0 = Release|ARM
		{DF7FE7B3-F9DD-4CF7-AF00-A50A02B5AD10}.Ad-Hoc|ARM.Deploy.0 = Release|ARM
		{DF7FE7B3-F9DD-4CF7-AF00-A50A02B5AD10}.Ad-Hoc|iPhone.ActiveCfg = Release|x86
		{DF7FE7B3-F9DD-4CF7-AF00-A50A02B5AD10}.Ad-Hoc|iPhone.Build.0 = Release|x86
		{DF7FE7B3-F9DD-4CF7-AF00-A50A02B5AD10}.Ad-Hoc|iPhone.Deploy.0 = Release|x86
		{DF7FE7B3-F9DD-4CF7-AF00-A50A02B5AD10}.Ad-Hoc|iPhoneSimulator.ActiveCfg = Release|x86
		{DF7FE7B3-F9DD-4CF7-AF00-A50A02B5AD10}.Ad-Hoc|iPhoneSimulator.Build.0 = Release|x86
		{DF7FE7B3-F9DD-4CF7-AF00-A50A02B5AD10}.Ad-Hoc|iPhoneSimulator.Deploy.0 = Release|x86
		{DF7FE7B3-F9DD-4CF7-AF00-A50A02B5AD10}.Ad-Hoc|x64.ActiveCfg = Release|x64
		{DF7FE7B3-F9DD-4CF7-AF00-A50A02B5AD10}.Ad-Hoc|x64.Build.0 = Release|x64
		{DF7FE7B3-F9DD-4CF7-AF00-A50A02B5AD10}.Ad-Hoc|x64.Deploy.0 = Release|x64
		{DF7FE7B3-F9DD-4CF7-AF00-A50A02B5AD10}.Ad-Hoc|x86.ActiveCfg = Release|x86
		{DF7FE7B3-F9DD-4CF7-AF00-A50A02B5AD10}.Ad-Hoc|x86.Build.0 = Release|x86
		{DF7FE7B3-F9DD-4CF7-AF00-A50A02B5AD10}.Ad-Hoc|x86.Deploy.0 = Release|x86
		{DF7FE7B3-F9DD-4CF7-AF00-A50A02B5AD10}.AppStore|Any CPU.ActiveCfg = Release|x86
		{DF7FE7B3-F9DD-4CF7-AF00-A50A02B5AD10}.AppStore|Any CPU.Build.0 = Release|x86
		{DF7FE7B3-F9DD-4CF7-AF00-A50A02B5AD10}.AppStore|Any CPU.Deploy.0 = Release|x86
		{DF7FE7B3-F9DD-4CF7-AF00-A50A02B5AD10}.AppStore|ARM.ActiveCfg = Release|ARM
		{DF7FE7B3-F9DD-4CF7-AF00-A50A02B5AD10}.AppStore|ARM.Build.0 = Release|ARM
		{DF7FE7B3-F9DD-4CF7-AF00-A50A02B5AD10}.AppStore|ARM.Deploy.0 = Release|ARM
		{DF7FE7B3-F9DD-4CF7-AF00-A50A02B5AD10}.AppStore|iPhone.ActiveCfg = Release|x86
		{DF7FE7B3-F9DD-4CF7-AF00-A50A02B5AD10}.AppStore|iPhone.Build.0 = Release|x86
		{DF7FE7B3-F9DD-4CF7-AF00-A50A02B5AD10}.AppStore|iPhone.Deploy.0 = Release|x86
		{DF7FE7B3-F9DD-4CF7-AF00-A50A02B5AD10}.AppStore|iPhoneSimulator.ActiveCfg = Release|x86
		{DF7FE7B3-F9DD-4CF7-AF00-A50A02B5AD10}.AppStore|iPhoneSimulator.Build.0 = Release|x86
		{DF7FE7B3-F9DD-4CF7-AF00-A50A02B5AD10}.AppStore|iPhoneSimulator.Deploy.0 = Release|x86
		{DF7FE7B3-F9DD-4CF7-AF00-A50A02B5AD10}.AppStore|x64.ActiveCfg = Release|x64
		{DF7FE7B3-F9DD-4CF7-AF00-A50A02B5AD10}.AppStore|x64.Build.0 = Release|x64
		{DF7FE7B3-F9DD-4CF7-AF00-A50A02B5AD10}.AppStore|x64.Deploy.0 = Release|x64
		{DF7FE7B3-F9DD-4CF7-AF00-A50A02B5AD10}.AppStore|x86.ActiveCfg = Release|x86
		{DF7FE7B3-F9DD-4CF7-AF00-A50A02B5AD10}.AppStore|x86.Build.0 = Release|x86
		{DF7FE7B3-F9DD-4CF7-AF00-A50A02B5AD10}.AppStore|x86.Deploy.0 = Release|x86
		{DF7FE7B3-F9DD-4CF7-AF00-A50A02B5AD10}.Debug|Any CPU.ActiveCfg = Debug|x86
		{DF7FE7B3-F9DD-4CF7-AF00-A50A02B5AD10}.Debug|ARM.ActiveCfg = Debug|ARM
		{DF7FE7B3-F9DD-4CF7-AF00-A50A02B5AD10}.Debug|ARM.Build.0 = Debug|ARM
		{DF7FE7B3-F9DD-4CF7-AF00-A50A02B5AD10}.Debug|ARM.Deploy.0 = Debug|ARM
		{DF7FE7B3-F9DD-4CF7-AF00-A50A02B5AD10}.Debug|iPhone.ActiveCfg = Debug|x86
		{DF7FE7B3-F9DD-4CF7-AF00-A50A02B5AD10}.Debug|iPhoneSimulator.ActiveCfg = Debug|x86
		{DF7FE7B3-F9DD-4CF7-AF00-A50A02B5AD10}.Debug|x64.ActiveCfg = Debug|x64
		{DF7FE7B3-F9DD-4CF7-AF00-A50A02B5AD10}.Debug|x64.Build.0 = Debug|x64
		{DF7FE7B3-F9DD-4CF7-AF00-A50A02B5AD10}.Debug|x64.Deploy.0 = Debug|x64
		{DF7FE7B3-F9DD-4CF7-AF00-A50A02B5AD10}.Debug|x86.ActiveCfg = Debug|x86
		{DF7FE7B3-F9DD-4CF7-AF00-A50A02B5AD10}.Debug|x86.Build.0 = Debug|x86
		{DF7FE7B3-F9DD-4CF7-AF00-A50A02B5AD10}.Debug|x86.Deploy.0 = Debug|x86
		{DF7FE7B3-F9DD-4CF7-AF00-A50A02B5AD10}.Release|Any CPU.ActiveCfg = Release|x86
		{DF7FE7B3-F9DD-4CF7-AF00-A50A02B5AD10}.Release|ARM.ActiveCfg = Release|ARM
		{DF7FE7B3-F9DD-4CF7-AF00-A50A02B5AD10}.Release|ARM.Build.0 = Release|ARM
		{DF7FE7B3-F9DD-4CF7-AF00-A50A02B5AD10}.Release|ARM.Deploy.0 = Release|ARM
		{DF7FE7B3-F9DD-4CF7-AF00-A50A02B5AD10}.Release|iPhone.ActiveCfg = Release|x86
		{DF7FE7B3-F9DD-4CF7-AF00-A50A02B5AD10}.Release|iPhoneSimulator.ActiveCfg = Release|x86
		{DF7FE7B3-F9DD-4CF7-AF00-A50A02B5AD10}.Release|x64.ActiveCfg = Release|x64
		{DF7FE7B3-F9DD-4CF7-AF00-A50A02B5AD10}.Release|x64.Build.0 = Release|x64
		{DF7FE7B3-F9DD-4CF7-AF00-A50A02B5AD10}.Release|x64.Deploy.0 = Release|x64
		{DF7FE7B3-F9DD-4CF7-AF00-A50A02B5AD10}.Release|x86.ActiveCfg = Release|x86
		{DF7FE7B3-F9DD-4CF7-AF00-A50A02B5AD10}.Release|x86.Build.0 = Release|x86
		{DF7FE7B3-F9DD-4CF7-AF00-A50A02B5AD10}.Release|x86.Deploy.0 = Release|x86
	EndGlobalSection
	GlobalSection(SolutionProperties) = preSolution
		HideSolutionNode = FALSE
	EndGlobalSection
	GlobalSection(ExtensibilityGlobals) = postSolution
		SolutionGuid = {8A6B4C24-4524-4EFC-884C-4ADBBBA67D9D}
	EndGlobalSection
EndGlobal
